
Microsoft Visual Studio Solution File, Format Version 12.00
# Visual Studio Version 17
VisualStudioVersion = 17.3.32922.545
MinimumVisualStudioVersion = 10.0.40219.1
Project("{FAE04EC0-301F-11D3-BF4B-00C04F79EFBC}") = "TESTWEB", "TESTWEB\TESTWEB.csproj", "{056B3756-7E71-4F79-B603-08850D7867D6}"
EndProject
Global
	GlobalSection(SolutionConfigurationPlatforms) = preSolution
		Debug|Any CPU = Debug|Any CPU
		Release|Any CPU = Release|Any CPU
	EndGlobalSection
	GlobalSection(ProjectConfigurationPlatforms) = postSolution
		{056B3756-7E71-4F79-B603-08850D7867D6}.Debug|Any CPU.ActiveCfg = Debug|Any CPU
		{056B3756-7E71-4F79-B603-08850D7867D6}.Debug|Any CPU.Build.0 = Debug|Any CPU
		{056B3756-7E71-4F79-B603-08850D7867D6}.Release|Any CPU.ActiveCfg = Release|Any CPU
		{056B3756-7E71-4F79-B603-08850D7867D6}.Release|Any CPU.Build.0 = Release|Any CPU
	EndGlobalSection
	GlobalSection(SolutionProperties) = preSolution
		HideSolutionNode = FALSE
	EndGlobalSection
	GlobalSection(ExtensibilityGlobals) = postSolution
		SolutionGuid = {62E210CF-5535-44AC-A798-58561874F97B}
	EndGlobalSection
EndGlobal
